
Microsoft Visual Studio Solution File, Format Version 12.00
# Visual Studio Version 17
VisualStudioVersion = 17.1.32421.90
MinimumVisualStudioVersion = 10.0.40219.1
Project("{9A19103F-16F7-4668-BE54-9A1E7A4F7556}") = "RecipeLewis-API", "RecipeLewis-API\RecipeLewis-API.csproj", "{FC49A522-8E18-4D06-ADC1-379060B1E5D7}"
EndProject
Project("{9A19103F-16F7-4668-BE54-9A1E7A4F7556}") = "Database", "Database\Database.csproj", "{F1F54A90-D3D5-4277-82BD-55551CED2FB9}"
EndProject
Project("{9A19103F-16F7-4668-BE54-9A1E7A4F7556}") = "Services", "Services\Services.csproj", "{8A1EEF0D-65B8-469D-B12E-65A57578AE1C}"
EndProject
Project("{9A19103F-16F7-4668-BE54-9A1E7A4F7556}") = "Models", "Model\Models.csproj", "{08C1277E-5CC7-48A5-9622-67092E5248DB}"
EndProject
Project("{9A19103F-16F7-4668-BE54-9A1E7A4F7556}") = "Business", "Business\Business.csproj", "{34FA1E1B-1203-422F-A783-8762CEB543BC}"
EndProject
Project("{2150E333-8FDC-42A3-9474-1A3956D46DE8}") = "Solution Items", "Solution Items", "{26FA240F-FA29-4484-98A3-ACE6E1E4CEFC}"
	ProjectSection(SolutionItems) = preProject
		.editorconfig = .editorconfig
	EndProjectSection
EndProject
Global
	GlobalSection(SolutionConfigurationPlatforms) = preSolution
		Debug|Any CPU = Debug|Any CPU
		Release|Any CPU = Release|Any CPU
	EndGlobalSection
	GlobalSection(ProjectConfigurationPlatforms) = postSolution
		{FC49A522-8E18-4D06-ADC1-379060B1E5D7}.Debug|Any CPU.ActiveCfg = Debug|Any CPU
		{FC49A522-8E18-4D06-ADC1-379060B1E5D7}.Debug|Any CPU.Build.0 = Debug|Any CPU
		{FC49A522-8E18-4D06-ADC1-379060B1E5D7}.Release|Any CPU.ActiveCfg = Release|Any CPU
		{FC49A522-8E18-4D06-ADC1-379060B1E5D7}.Release|Any CPU.Build.0 = Release|Any CPU
		{F1F54A90-D3D5-4277-82BD-55551CED2FB9}.Debug|Any CPU.ActiveCfg = Debug|Any CPU
		{F1F54A90-D3D5-4277-82BD-55551CED2FB9}.Debug|Any CPU.Build.0 = Debug|Any CPU
		{F1F54A90-D3D5-4277-82BD-55551CED2FB9}.Release|Any CPU.ActiveCfg = Release|Any CPU
		{F1F54A90-D3D5-4277-82BD-55551CED2FB9}.Release|Any CPU.Build.0 = Release|Any CPU
		{8A1EEF0D-65B8-469D-B12E-65A57578AE1C}.Debug|Any CPU.ActiveCfg = Debug|Any CPU
		{8A1EEF0D-65B8-469D-B12E-65A57578AE1C}.Debug|Any CPU.Build.0 = Debug|Any CPU
		{8A1EEF0D-65B8-469D-B12E-65A57578AE1C}.Release|Any CPU.ActiveCfg = Release|Any CPU
		{8A1EEF0D-65B8-469D-B12E-65A57578AE1C}.Release|Any CPU.Build.0 = Release|Any CPU
		{08C1277E-5CC7-48A5-9622-67092E5248DB}.Debug|Any CPU.ActiveCfg = Debug|Any CPU
		{08C1277E-5CC7-48A5-9622-67092E5248DB}.Debug|Any CPU.Build.0 = Debug|Any CPU
		{08C1277E-5CC7-48A5-9622-67092E5248DB}.Release|Any CPU.ActiveCfg = Release|Any CPU
		{08C1277E-5CC7-48A5-9622-67092E5248DB}.Release|Any CPU.Build.0 = Release|Any CPU
		{34FA1E1B-1203-422F-A783-8762CEB543BC}.Debug|Any CPU.ActiveCfg = Debug|Any CPU
		{34FA1E1B-1203-422F-A783-8762CEB543BC}.Debug|Any CPU.Build.0 = Debug|Any CPU
		{34FA1E1B-1203-422F-A783-8762CEB543BC}.Release|Any CPU.ActiveCfg = Release|Any CPU
		{34FA1E1B-1203-422F-A783-8762CEB543BC}.Release|Any CPU.Build.0 = Release|Any CPU
	EndGlobalSection
	GlobalSection(SolutionProperties) = preSolution
		HideSolutionNode = FALSE
	EndGlobalSection
	GlobalSection(ExtensibilityGlobals) = postSolution
		SolutionGuid = {C2955A8E-FD6C-4B8A-B4B0-99A0724362C6}
	EndGlobalSection
EndGlobal
